
Microsoft Visual Studio Solution File, Format Version 12.00
Project("{FAE04EC0-301F-11D3-BF4B-00C04F79EFBC}") = "Geniusee.Library", "Geniusee.Library\Geniusee.Library.csproj", "{4AEFBB23-C7DE-44B0-BCD7-87CDDB41C17F}"
EndProject
Project("{FAE04EC0-301F-11D3-BF4B-00C04F79EFBC}") = "Geniusee.API", "Geniusee.API\Geniusee.API.csproj", "{9EAAC3BA-589D-4E81-8544-E0D700CED4DE}"
EndProject
Global
	GlobalSection(SolutionConfigurationPlatforms) = preSolution
		Debug|Any CPU = Debug|Any CPU
		Release|Any CPU = Release|Any CPU
	EndGlobalSection
	GlobalSection(ProjectConfigurationPlatforms) = postSolution
		{4AEFBB23-C7DE-44B0-BCD7-87CDDB41C17F}.Debug|Any CPU.ActiveCfg = Debug|Any CPU
		{4AEFBB23-C7DE-44B0-BCD7-87CDDB41C17F}.Debug|Any CPU.Build.0 = Debug|Any CPU
		{4AEFBB23-C7DE-44B0-BCD7-87CDDB41C17F}.Release|Any CPU.ActiveCfg = Release|Any CPU
		{4AEFBB23-C7DE-44B0-BCD7-87CDDB41C17F}.Release|Any CPU.Build.0 = Release|Any CPU
		{9EAAC3BA-589D-4E81-8544-E0D700CED4DE}.Debug|Any CPU.ActiveCfg = Debug|Any CPU
		{9EAAC3BA-589D-4E81-8544-E0D700CED4DE}.Debug|Any CPU.Build.0 = Debug|Any CPU
		{9EAAC3BA-589D-4E81-8544-E0D700CED4DE}.Release|Any CPU.ActiveCfg = Release|Any CPU
		{9EAAC3BA-589D-4E81-8544-E0D700CED4DE}.Release|Any CPU.Build.0 = Release|Any CPU
	EndGlobalSection
EndGlobal
